
Microsoft Visual Studio Solution File, Format Version 12.00
# Visual Studio 15
VisualStudioVersion = 15.0.27703.2000
MinimumVisualStudioVersion = 10.0.40219.1
Project("{FAE04EC0-301F-11D3-BF4B-00C04F79EFBC}") = "Web_Programlama_Odev", "Web_Programlama_Odev\Web_Programlama_Odev.csproj", "{728B07B3-7ECF-4318-83DE-CE92D1E02554}"
EndProject
Global
	GlobalSection(SolutionConfigurationPlatforms) = preSolution
		Debug|Any CPU = Debug|Any CPU
		Release|Any CPU = Release|Any CPU
	EndGlobalSection
	GlobalSection(ProjectConfigurationPlatforms) = postSolution
		{728B07B3-7ECF-4318-83DE-CE92D1E02554}.Debug|Any CPU.ActiveCfg = Debug|Any CPU
		{728B07B3-7ECF-4318-83DE-CE92D1E02554}.Debug|Any CPU.Build.0 = Debug|Any CPU
		{728B07B3-7ECF-4318-83DE-CE92D1E02554}.Release|Any CPU.ActiveCfg = Release|Any CPU
		{728B07B3-7ECF-4318-83DE-CE92D1E02554}.Release|Any CPU.Build.0 = Release|Any CPU
	EndGlobalSection
	GlobalSection(SolutionProperties) = preSolution
		HideSolutionNode = FALSE
	EndGlobalSection
	GlobalSection(ExtensibilityGlobals) = postSolution
		SolutionGuid = {7F13A07D-B7F3-4C5C-8661-799E9E88EA2E}
	EndGlobalSection
EndGlobal
